version = 1
revision = 2
requires-python = ">=3.13"

[[package]]
name = "opencc-python-reimplemented"
version = "0.1.7"
source = { registry = "https://pypi.org/simple" }
sdist = { url = "https://files.pythonhosted.org/packages/8d/6d/c6f37eed651dd6b752e50f80a93396cdaa42a6acc6ce05ad7452303ea511/opencc-python-reimplemented-0.1.7.tar.gz", hash = "sha256:4f777ea3461a25257a7b876112cfa90bb6acabc6dfb843bf4d11266e43579dee", size = 482566, upload-time = "2023-02-11T03:58:42.25Z" }
wheels = [
    { url = "https://files.pythonhosted.org/packages/30/6b/055b7806f320cc8f2cdf23c5f70221c0dc1683fca9ffaf76dfc2ad4b91b6/opencc_python_reimplemented-0.1.7-py2.py3-none-any.whl", hash = "sha256:41b3b92943c7bed291f448e9c7fad4b577c8c2eae30fcfe5a74edf8818493aa6", size = 481813, upload-time = "2023-02-11T03:58:39.66Z" },
]

[[package]]
name = "sillytavern"
version = "0.1.0"
source = { virtual = "." }
dependencies = [
    { name = "opencc-python-reimplemented" },
]

[package.metadata]
requires-dist = [{ name = "opencc-python-reimplemented", specifier = ">=0.1.7" }]
